<?xml version="1.0" encoding="utf-8"?>
<Project ToolsVersion="4.0" xmlns="http://schemas.microsoft.com/developer/msbuild/2003">
  <ItemGroup>
    <ClCompile Include="Application.cpp" />
    <ClCompile Include="AStar.cpp" />
    <ClCompile Include="Character.cpp" />
    <ClCompile Include="main.cpp" />
    <ClCompile Include="MapController.cpp" />
    <ClCompile Include="Object.cpp" />
    <ClCompile Include="Outdata.cpp" />
    <ClCompile Include="PlayerController.cpp" />
    <ClCompile Include="UIManager.cpp" />
    <ClCompile Include="MapObject.cpp" />
  </ItemGroup>
  <ItemGroup>
    <ClInclude Include="Application.hpp" />
    <ClInclude Include="Character.hpp" />
    <ClInclude Include="Constants.hpp" />
    <ClInclude Include="MapController.hpp" />
    <ClInclude Include="Object.hpp" />
    <ClInclude Include="Outdata.hpp" />
    <ClInclude Include="PlayerController.hpp" />
    <ClInclude Include="UIManager.hpp" />
    <ClInclude Include="AStar.hpp" />
    <ClInclude Include="MapObject.hpp" />
  </ItemGroup>
</Project>